// !$*UTF8*$!
{
	archiveVersion = 1;
	classes = {
	};
	objectVersion = 50;
	objects = {

/* Begin PBXBuildFile section */
		0FD811FA23CF19240087C8D5 /* AppDelegate.m in Sources */ = {isa = PBXBuildFile; fileRef = 0FD811F923CF19240087C8D5 /* AppDelegate.m */; };
		0FD811FD23CF19240087C8D5 /* ViewController.m in Sources */ = {isa = PBXBuildFile; fileRef = 0FD811FC23CF19240087C8D5 /* ViewController.m */; };
		0FD8120023CF19240087C8D5 /* Main.storyboard in Resources */ = {isa = PBXBuildFile; fileRef = 0FD811FE23CF19240087C8D5 /* Main.storyboard */; };
		0FD8120223CF19260087C8D5 /* Assets.xcassets in Resources */ = {isa = PBXBuildFile; fileRef = 0FD8120123CF19260087C8D5 /* Assets.xcassets */; };
		0FD8120523CF19260087C8D5 /* LaunchScreen.storyboard in Resources */ = {isa = PBXBuildFile; fileRef = 0FD8120323CF19260087C8D5 /* LaunchScreen.storyboard */; };
		0FD8120823CF19260087C8D5 /* main.m in Sources */ = {isa = PBXBuildFile; fileRef = 0FD8120723CF19260087C8D5 /* main.m */; };
		0FD8121223CF19260087C8D5 /* iOSDemoTests.m in Sources */ = {isa = PBXBuildFile; fileRef = 0FD8121123CF19260087C8D5 /* iOSDemoTests.m */; };
		0FD8121D23CF19260087C8D5 /* iOSDemoUITests.m in Sources */ = {isa = PBXBuildFile; fileRef = 0FD8121C23CF19260087C8D5 /* iOSDemoUITests.m */; };
		CD1CB8D1225656F78A731FB7 /* Pods_iOSDemo.framework in Frameworks */ = {isa = PBXBuildFile; fileRef = 5242D428A790DD0DF2212C99 /* Pods_iOSDemo.framework */; };
/* End PBXBuildFile section */

/* Begin PBXContainerItemProxy section */
		0FD8120E23CF19260087C8D5 /* PBXContainerItemProxy */ = {
			isa = PBXContainerItemProxy;
			containerPortal = 0FD811ED23CF19240087C8D5 /* Project object */;
			proxyType = 1;
			remoteGlobalIDString = 0FD811F423CF19240087C8D5;
			remoteInfo = iOSDemo;
		};
		0FD8121923CF19260087C8D5 /* PBXContainerItemProxy */ = {
			isa = PBXContainerItemProxy;
			containerPortal = 0FD811ED23CF19240087C8D5 /* Project object */;
			proxyType = 1;
			remoteGlobalIDString = 0FD811F423CF19240087C8D5;
			remoteInfo = iOSDemo;
		};
/* End PBXContainerItemProxy section */

/* Begin PBXFileReference section */
		0FD811F523CF19240087C8D5 /* iOSDemo.app */ = {isa = PBXFileReference; explicitFileType = wrapper.application; includeInIndex = 0; path = iOSDemo.app; sourceTree = BUILT_PRODUCTS_DIR; };
		0FD811F823CF19240087C8D5 /* AppDelegate.h */ = {isa = PBXFileReference; lastKnownFileType = sourcecode.c.h; path = AppDelegate.h; sourceTree = "<group>"; };
		0FD811F923CF19240087C8D5 /* AppDelegate.m */ = {isa = PBXFileReference; lastKnownFileType = sourcecode.c.objc; path = AppDelegate.m; sourceTree = "<group>"; };
		0FD811FB23CF19240087C8D5 /* ViewController.h */ = {isa = PBXFileReference; lastKnownFileType = sourcecode.c.h; path = ViewController.h; sourceTree = "<group>"; };
		0FD811FC23CF19240087C8D5 /* ViewController.m */ = {isa = PBXFileReference; lastKnownFileType = sourcecode.c.objc; path = ViewController.m; sourceTree = "<group>"; };
		0FD811FF23CF19240087C8D5 /* Base */ = {isa = PBXFileReference; lastKnownFileType = file.storyboard; name = Base; path = Base.lproj/Main.storyboard; sourceTree = "<group>"; };
		0FD8120123CF19260087C8D5 /* Assets.xcassets */ = {isa = PBXFileReference; lastKnownFileType = folder.assetcatalog; path = Assets.xcassets; sourceTree = "<group>"; };
		0FD8120423CF19260087C8D5 /* Base */ = {isa = PBXFileReference; lastKnownFileType = file.storyboard; name = Base; path = Base.lproj/LaunchScreen.storyboard; sourceTree = "<group>"; };
		0FD8120623CF19260087C8D5 /* Info.plist */ = {isa = PBXFileReference; lastKnownFileType = text.plist.xml; path = Info.plist; sourceTree = "<group>"; };
		0FD8120723CF19260087C8D5 /* main.m */ = {isa = PBXFileReference; lastKnownFileType = sourcecode.c.objc; path = main.m; sourceTree = "<group>"; };
		0FD8120D23CF19260087C8D5 /* iOSDemoTests.xctest */ = {isa = PBXFileReference; explicitFileType = wrapper.cfbundle; includeInIndex = 0; path = iOSDemoTests.xctest; sourceTree = BUILT_PRODUCTS_DIR; };
		0FD8121123CF19260087C8D5 /* iOSDemoTests.m */ = {isa = PBXFileReference; lastKnownFileType = sourcecode.c.objc; path = iOSDemoTests.m; sourceTree = "<group>"; };
		0FD8121323CF19260087C8D5 /* Info.plist */ = {isa = PBXFileReference; lastKnownFileType = text.plist.xml; path = Info.plist; sourceTree = "<group>"; };
		0FD8121823CF19260087C8D5 /* iOSDemoUITests.xctest */ = {isa = PBXFileReference; explicitFileType = wrapper.cfbundle; includeInIndex = 0; path = iOSDemoUITests.xctest; sourceTree = BUILT_PRODUCTS_DIR; };
		0FD8121C23CF19260087C8D5 /* iOSDemoUITests.m */ = {isa = PBXFileReference; lastKnownFileType = sourcecode.c.objc; path = iOSDemoUITests.m; sourceTree = "<group>"; };
		0FD8121E23CF19260087C8D5 /* Info.plist */ = {isa = PBXFileReference; lastKnownFileType = text.plist.xml; path = Info.plist; sourceTree = "<group>"; };
		3540C8BD71A718F6005372EC /* Pods-iOSDemo.release.xcconfig */ = {isa = PBXFileReference; includeInIndex = 1; lastKnownFileType = text.xcconfig; name = "Pods-iOSDemo.release.xcconfig"; path = "Target Support Files/Pods-iOSDemo/Pods-iOSDemo.release.xcconfig"; sourceTree = "<group>"; };
		5242D428A790DD0DF2212C99 /* Pods_iOSDemo.framework */ = {isa = PBXFileReference; explicitFileType = wrapper.framework; includeInIndex = 0; path = Pods_iOSDemo.framework; sourceTree = BUILT_PRODUCTS_DIR; };
		A6C52ADC0118B819AABFA46A /* Pods-iOSDemo.debug.xcconfig */ = {isa = PBXFileReference; includeInIndex = 1; lastKnownFileType = text.xcconfig; name = "Pods-iOSDemo.debug.xcconfig"; path = "Target Support Files/Pods-iOSDemo/Pods-iOSDemo.debug.xcconfig"; sourceTree = "<group>"; };
/* End PBXFileReference section */

/* Begin PBXFrameworksBuildPhase section */
		0FD811F223CF19240087C8D5 /* Frameworks */ = {
			isa = PBXFrameworksBuildPhase;
			buildActionMask = 2147483647;
			files = (
				CD1CB8D1225656F78A731FB7 /* Pods_iOSDemo.framework in Frameworks */,
			);
			runOnlyForDeploymentPostprocessing = 0;
		};
		0FD8120A23CF19260087C8D5 /* Frameworks */ = {
			isa = PBXFrameworksBuildPhase;
			buildActionMask = 2147483647;
			files = (
			);
			runOnlyForDeploymentPostprocessing = 0;
		};
		0FD8121523CF19260087C8D5 /* Frameworks */ = {
			isa = PBXFrameworksBuildPhase;
			buildActionMask = 2147483647;
			files = (
			);
			runOnlyForDeploymentPostprocessing = 0;
		};
/* End PBXFrameworksBuildPhase section */

/* Begin PBXGroup section */
		0FD811EC23CF19240087C8D5 = {
			isa = PBXGroup;
			children = (
				0FD811F723CF19240087C8D5 /* iOSDemo */,
				0FD8121023CF19260087C8D5 /* iOSDemoTests */,
				0FD8121B23CF19260087C8D5 /* iOSDemoUITests */,
				0FD811F623CF19240087C8D5 /* Products */,
				9FA8138C27E3A59F8D48D489 /* Pods */,
				CE463F09771D69EFD20CE512 /* Frameworks */,
			);
			sourceTree = "<group>";
		};
		0FD811F623CF19240087C8D5 /* Products */ = {
			isa = PBXGroup;
			children = (
				0FD811F523CF19240087C8D5 /* iOSDemo.app */,
				0FD8120D23CF19260087C8D5 /* iOSDemoTests.xctest */,
				0FD8121823CF19260087C8D5 /* iOSDemoUITests.xctest */,
			);
			name = Products;
			sourceTree = "<group>";
		};
		0FD811F723CF19240087C8D5 /* iOSDemo */ = {
			isa = PBXGroup;
			children = (
				0FD811F823CF19240087C8D5 /* AppDelegate.h */,
				0FD811F923CF19240087C8D5 /* AppDelegate.m */,
				0FD811FB23CF19240087C8D5 /* ViewController.h */,
				0FD811FC23CF19240087C8D5 /* ViewController.m */,
				0FD811FE23CF19240087C8D5 /* Main.storyboard */,
				0FD8120123CF19260087C8D5 /* Assets.xcassets */,
				0FD8120323CF19260087C8D5 /* LaunchScreen.storyboard */,
				0FD8120623CF19260087C8D5 /* Info.plist */,
				0FD8120723CF19260087C8D5 /* main.m */,
			);
			path = iOSDemo;
			sourceTree = "<group>";
		};
		0FD8121023CF19260087C8D5 /* iOSDemoTests */ = {
			isa = PBXGroup;
			children = (
				0FD8121123CF19260087C8D5 /* iOSDemoTests.m */,
				0FD8121323CF19260087C8D5 /* Info.plist */,
			);
			path = iOSDemoTests;
			sourceTree = "<group>";
		};
		0FD8121B23CF19260087C8D5 /* iOSDemoUITests */ = {
			isa = PBXGroup;
			children = (
				0FD8121C23CF19260087C8D5 /* iOSDemoUITests.m */,
				0FD8121E23CF19260087C8D5 /* Info.plist */,
			);
			path = iOSDemoUITests;
			sourceTree = "<group>";
		};
		9FA8138C27E3A59F8D48D489 /* Pods */ = {
			isa = PBXGroup;
			children = (
				A6C52ADC0118B819AABFA46A /* Pods-iOSDemo.debug.xcconfig */,
				3540C8BD71A718F6005372EC /* Pods-iOSDemo.release.xcconfig */,
			);
			name = Pods;
			path = Pods;
			sourceTree = "<group>";
		};
		CE463F09771D69EFD20CE512 /* Frameworks */ = {
			isa = PBXGroup;
			children = (
				5242D428A790DD0DF2212C99 /* Pods_iOSDemo.framework */,
			);
			name = Frameworks;
			sourceTree = "<group>";
		};
/* End PBXGroup section */

/* Begin PBXNativeTarget section */
		0FD811F423CF19240087C8D5 /* iOSDemo */ = {
			isa = PBXNativeTarget;
			buildConfigurationList = 0FD8122123CF19260087C8D5 /* Build configuration list for PBXNativeTarget "iOSDemo" */;
			buildPhases = (
				FD59FD1D8042D4C540534463 /* [CP] Check Pods Manifest.lock */,
				0FD811F123CF19240087C8D5 /* Sources */,
				0FD811F223CF19240087C8D5 /* Frameworks */,
				0FD811F323CF19240087C8D5 /* Resources */,
				0EBCD25CD23A4299517806EF /* [CP] Embed Pods Frameworks */,
			);
			buildRules = (
			);
			dependencies = (
			);
			name = iOSDemo;
			productName = iOSDemo;
			productReference = 0FD811F523CF19240087C8D5 /* iOSDemo.app */;
			productType = "com.apple.product-type.application";
		};
		0FD8120C23CF19260087C8D5 /* iOSDemoTests */ = {
			isa = PBXNativeTarget;
			buildConfigurationList = 0FD8122423CF19260087C8D5 /* Build configuration list for PBXNativeTarget "iOSDemoTests" */;
			buildPhases = (
				0FD8120923CF19260087C8D5 /* Sources */,
				0FD8120A23CF19260087C8D5 /* Frameworks */,
				0FD8120B23CF19260087C8D5 /* Resources */,
			);
			buildRules = (
			);
			dependencies = (
				0FD8120F23CF19260087C8D5 /* PBXTargetDependency */,
			);
			name = iOSDemoTests;
			productName = iOSDemoTests;
			productReference = 0FD8120D23CF19260087C8D5 /* iOSDemoTests.xctest */;
			productType = "com.apple.product-type.bundle.unit-test";
		};
		0FD8121723CF19260087C8D5 /* iOSDemoUITests */ = {
			isa = PBXNativeTarget;
			buildConfigurationList = 0FD8122723CF19260087C8D5 /* Build configuration list for PBXNativeTarget "iOSDemoUITests" */;
			buildPhases = (
				0FD8121423CF19260087C8D5 /* Sources */,
				0FD8121523CF19260087C8D5 /* Frameworks */,
				0FD8121623CF19260087C8D5 /* Resources */,
			);
			buildRules = (
			);
			dependencies = (
				0FD8121A23CF19260087C8D5 /* PBXTargetDependency */,
			);
			name = iOSDemoUITests;
			productName = iOSDemoUITests;
			productReference = 0FD8121823CF19260087C8D5 /* iOSDemoUITests.xctest */;
			productType = "com.apple.product-type.bundle.ui-testing";
		};
/* End PBXNativeTarget section */

/* Begin PBXProject section */
		0FD811ED23CF19240087C8D5 /* Project object */ = {
			isa = PBXProject;
			attributes = {
				LastUpgradeCheck = 1020;
				ORGANIZATIONNAME = ZCBL;
				TargetAttributes = {
					0FD811F423CF19240087C8D5 = {
						CreatedOnToolsVersion = 10.2.1;
					};
					0FD8120C23CF19260087C8D5 = {
						CreatedOnToolsVersion = 10.2.1;
						TestTargetID = 0FD811F423CF19240087C8D5;
					};
					0FD8121723CF19260087C8D5 = {
						CreatedOnToolsVersion = 10.2.1;
						TestTargetID = 0FD811F423CF19240087C8D5;
					};
				};
			};
			buildConfigurationList = 0FD811F023CF19240087C8D5 /* Build configuration list for PBXProject "iOSDemo" */;
			compatibilityVersion = "Xcode 9.3";
			developmentRegion = en;
			hasScannedForEncodings = 0;
			knownRegions = (
				en,
				Base,
			);
			mainGroup = 0FD811EC23CF19240087C8D5;
			productRefGroup = 0FD811F623CF19240087C8D5 /* Products */;
			projectDirPath = "";
			projectRoot = "";
			targets = (
				0FD811F423CF19240087C8D5 /* iOSDemo */,
				0FD8120C23CF19260087C8D5 /* iOSDemoTests */,
				0FD8121723CF19260087C8D5 /* iOSDemoUITests */,
			);
		};
/* End PBXProject section */

/* Begin PBXResourcesBuildPhase section */
		0FD811F323CF19240087C8D5 /* Resources */ = {
			isa = PBXResourcesBuildPhase;
			buildActionMask = 2147483647;
			files = (
				0FD8120523CF19260087C8D5 /* LaunchScreen.storyboard in Resources */,
				0FD8120223CF19260087C8D5 /* Assets.xcassets in Resources */,
				0FD8120023CF19240087C8D5 /* Main.storyboard in Resources */,
			);
			runOnlyForDeploymentPostprocessing = 0;
		};
		0FD8120B23CF19260087C8D5 /* Resources */ = {
			isa = PBXResourcesBuildPhase;
			buildActionMask = 2147483647;
			files = (
			);
			runOnlyForDeploymentPostprocessing = 0;
		};
		0FD8121623CF19260087C8D5 /* Resources */ = {
			isa = PBXResourcesBuildPhase;
			buildActionMask = 2147483647;
			files = (
			);
			runOnlyForDeploymentPostprocessing = 0;
		};
/* End PBXResourcesBuildPhase section */

/* Begin PBXShellScriptBuildPhase section */
		0EBCD25CD23A4299517806EF /* [CP] Embed Pods Frameworks */ = {
			isa = PBXShellScriptBuildPhase;
			buildActionMask = 2147483647;
			files = (
			);
			inputFileListPaths = (
				"${PODS_ROOT}/Target Support Files/Pods-iOSDemo/Pods-iOSDemo-frameworks-${CONFIGURATION}-input-files.xcfilelist",
			);
			name = "[CP] Embed Pods Frameworks";
			outputFileListPaths = (
				"${PODS_ROOT}/Target Support Files/Pods-iOSDemo/Pods-iOSDemo-frameworks-${CONFIGURATION}-output-files.xcfilelist",
			);
			runOnlyForDeploymentPostprocessing = 0;
			shellPath = /bin/sh;
			shellScript = "\"${PODS_ROOT}/Target Support Files/Pods-iOSDemo/Pods-iOSDemo-frameworks.sh\"\n";
			showEnvVarsInLog = 0;
		};
		FD59FD1D8042D4C540534463 /* [CP] Check Pods Manifest.lock */ = {
			isa = PBXShellScriptBuildPhase;
			buildActionMask = 2147483647;
			files = (
			);
			inputFileListPaths = (
			);
			inputPaths = (
				"${PODS_PODFILE_DIR_PATH}/Podfile.lock",
				"${PODS_ROOT}/Manifest.lock",
			);
			name = "[CP] Check Pods Manifest.lock";
			outputFileListPaths = (
			);
			outputPaths = (
				"$(DERIVED_FILE_DIR)/Pods-iOSDemo-checkManifestLockResult.txt",
			);
			runOnlyForDeploymentPostprocessing = 0;
			shellPath = /bin/sh;
			shellScript = "diff \"${PODS_PODFILE_DIR_PATH}/Podfile.lock\" \"${PODS_ROOT}/Manifest.lock\" > /dev/null\nif [ $? != 0 ] ; then\n    # print error to STDERR\n    echo \"error: The sandbox is not in sync with the Podfile.lock. Run 'pod install' or update your CocoaPods installation.\" >&2\n    exit 1\nfi\n# This output is used by Xcode 'outputs' to avoid re-running this script phase.\necho \"SUCCESS\" > \"${SCRIPT_OUTPUT_FILE_0}\"\n";
			showEnvVarsInLog = 0;
		};
/* End PBXShellScriptBuildPhase section */

/* Begin PBXSourcesBuildPhase section */
		0FD811F123CF19240087C8D5 /* Sources */ = {
			isa = PBXSourcesBuildPhase;
			buildActionMask = 2147483647;
			files = (
				0FD811FD23CF19240087C8D5 /* ViewController.m in Sources */,
				0FD8120823CF19260087C8D5 /* main.m in Sources */,
				0FD811FA23CF19240087C8D5 /* AppDelegate.m in Sources */,
			);
			runOnlyForDeploymentPostprocessing = 0;
		};
		0FD8120923CF19260087C8D5 /* Sources */ = {
			isa = PBXSourcesBuildPhase;
			buildActionMask = 2147483647;
			files = (
				0FD8121223CF19260087C8D5 /* iOSDemoTests.m in Sources */,
			);
			runOnlyForDeploymentPostprocessing = 0;
		};
		0FD8121423CF19260087C8D5 /* Sources */ = {
			isa = PBXSourcesBuildPhase;
			buildActionMask = 2147483647;
			files = (
				0FD8121D23CF19260087C8D5 /* iOSDemoUITests.m in Sources */,
			);
			runOnlyForDeploymentPostprocessing = 0;
		};
/* End PBXSourcesBuildPhase section */

/* Begin PBXTargetDependency section */
		0FD8120F23CF19260087C8D5 /* PBXTargetDependency */ = {
			isa = PBXTargetDependency;
			target = 0FD811F423CF19240087C8D5 /* iOSDemo */;
			targetProxy = 0FD8120E23CF19260087C8D5 /* PBXContainerItemProxy */;
		};
		0FD8121A23CF19260087C8D5 /* PBXTargetDependency */ = {
			isa = PBXTargetDependency;
			target = 0FD811F423CF19240087C8D5 /* iOSDemo */;
			targetProxy = 0FD8121923CF19260087C8D5 /* PBXContainerItemProxy */;
		};
/* End PBXTargetDependency section */

/* Begin PBXVariantGroup section */
		0FD811FE23CF19240087C8D5 /* Main.storyboard */ = {
			isa = PBXVariantGroup;
			children = (
				0FD811FF23CF19240087C8D5 /* Base */,
			);
			name = Main.storyboard;
			sourceTree = "<group>";
		};
		0FD8120323CF19260087C8D5 /* LaunchScreen.storyboard */ = {
			isa = PBXVariantGroup;
			children = (
				0FD8120423CF19260087C8D5 /* Base */,
			);
			name = LaunchScreen.storyboard;
			sourceTree = "<group>";
		};
/* End PBXVariantGroup section */

/* Begin XCBuildConfiguration section */
		0FD8121F23CF19260087C8D5 /* Debug */ = {
			isa = XCBuildConfiguration;
			buildSettings = {
				ALWAYS_SEARCH_USER_PATHS = NO;
				CLANG_ANALYZER_NONNULL = YES;
				CLANG_ANALYZER_NUMBER_OBJECT_CONVERSION = YES_AGGRESSIVE;
				CLANG_CXX_LANGUAGE_STANDARD = "gnu++14";
				CLANG_CXX_LIBRARY = "libc++";
				CLANG_ENABLE_MODULES = YES;
				CLANG_ENABLE_OBJC_ARC = YES;
				CLANG_ENABLE_OBJC_WEAK = YES;
				CLANG_WARN_BLOCK_CAPTURE_AUTORELEASING = YES;
				CLANG_WARN_BOOL_CONVERSION = YES;
				CLANG_WARN_COMMA = YES;
				CLANG_WARN_CONSTANT_CONVERSION = YES;
				CLANG_WARN_DEPRECATED_OBJC_IMPLEMENTATIONS = YES;
				CLANG_WARN_DIRECT_OBJC_ISA_USAGE = YES_ERROR;
				CLANG_WARN_DOCUMENTATION_COMMENTS = YES;
				CLANG_WARN_EMPTY_BODY = YES;
				CLANG_WARN_ENUM_CONVERSION = YES;
				CLANG_WARN_INFINITE_RECURSION = YES;
				CLANG_WARN_INT_CONVERSION = YES;
				CLANG_WARN_NON_LITERAL_NULL_CONVERSION = YES;
				CLANG_WARN_OBJC_IMPLICIT_RETAIN_SELF = YES;
				CLANG_WARN_OBJC_LITERAL_CONVERSION = YES;
				CLANG_WARN_OBJC_ROOT_CLASS = YES_ERROR;
				CLANG_WARN_RANGE_LOOP_ANALYSIS = YES;
				CLANG_WARN_STRICT_PROTOTYPES = YES;
				CLANG_WARN_SUSPICIOUS_MOVE = YES;
				CLANG_WARN_UNGUARDED_AVAILABILITY = YES_AGGRESSIVE;
				CLANG_WARN_UNREACHABLE_CODE = YES;
				CLANG_WARN__DUPLICATE_METHOD_MATCH = YES;
				CODE_SIGN_IDENTITY = "iPhone Developer";
				COPY_PHASE_STRIP = NO;
				DEBUG_INFORMATION_FORMAT = dwarf;
				ENABLE_STRICT_OBJC_MSGSEND = YES;
				ENABLE_TESTABILITY = YES;
				GCC_C_LANGUAGE_STANDARD = gnu11;
				GCC_DYNAMIC_NO_PIC = NO;
				GCC_NO_COMMON_BLOCKS = YES;
				GCC_OPTIMIZATION_LEVEL = 0;
				GCC_PREPROCESSOR_DEFINITIONS = (
					"DEBUG=1",
					"$(inherited)",
				);
				GCC_WARN_64_TO_32_BIT_CONVERSION = YES;
				GCC_WARN_ABOUT_RETURN_TYPE = YES_ERROR;
				GCC_WARN_UNDECLARED_SELECTOR = YES;
				GCC_WARN_UNINITIALIZED_AUTOS = YES_AGGRESSIVE;
				GCC_WARN_UNUSED_FUNCTION = YES;
				GCC_WARN_UNUSED_VARIABLE = YES;
				IPHONEOS_DEPLOYMENT_TARGET = 12.2;
				MTL_ENABLE_DEBUG_INFO = INCLUDE_SOURCE;
				MTL_FAST_MATH = YES;
				ONLY_ACTIVE_ARCH = YES;
				SDKROOT = iphoneos;
			};
			name = Debug;
		};
		0FD8122023CF19260087C8D5 /* Release */ = {
			isa = XCBuildConfiguration;
			buildSettings = {
				ALWAYS_SEARCH_USER_PATHS = NO;
				CLANG_ANALYZER_NONNULL = YES;
				CLANG_ANALYZER_NUMBER_OBJECT_CONVERSION = YES_AGGRESSIVE;
				CLANG_CXX_LANGUAGE_STANDARD = "gnu++14";
				CLANG_CXX_LIBRARY = "libc++";
				CLANG_ENABLE_MODULES = YES;
				CLANG_ENABLE_OBJC_ARC = YES;
				CLANG_ENABLE_OBJC_WEAK = YES;
				CLANG_WARN_BLOCK_CAPTURE_AUTORELEASING = YES;
				CLANG_WARN_BOOL_CONVERSION = YES;
				CLANG_WARN_COMMA = YES;
				CLANG_WARN_CONSTANT_CONVERSION = YES;
				CLANG_WARN_DEPRECATED_OBJC_IMPLEMENTATIONS = YES;
				CLANG_WARN_DIRECT_OBJC_ISA_USAGE = YES_ERROR;
				CLANG_WARN_DOCUMENTATION_COMMENTS = YES;
				CLANG_WARN_EMPTY_BODY = YES;
				CLANG_WARN_ENUM_CONVERSION = YES;
				CLANG_WARN_INFINITE_RECURSION = YES;
				CLANG_WARN_INT_CONVERSION = YES;
				CLANG_WARN_NON_LITERAL_NULL_CONVERSION = YES;
				CLANG_WARN_OBJC_IMPLICIT_RETAIN_SELF = YES;
				CLANG_WARN_OBJC_LITERAL_CONVERSION = YES;
				CLANG_WARN_OBJC_ROOT_CLASS = YES_ERROR;
				CLANG_WARN_RANGE_LOOP_ANALYSIS = YES;
				CLANG_WARN_STRICT_PROTOTYPES = YES;
				CLANG_WARN_SUSPICIOUS_MOVE = YES;
				CLANG_WARN_UNGUARDED_AVAILABILITY = YES_AGGRESSIVE;
				CLANG_WARN_UNREACHABLE_CODE = YES;
				CLANG_WARN__DUPLICATE_METHOD_MATCH = YES;
				CODE_SIGN_IDENTITY = "iPhone Developer";
				COPY_PHASE_STRIP = NO;
				DEBUG_INFORMATION_FORMAT = "dwarf-with-dsym";
				ENABLE_NS_ASSERTIONS = NO;
				ENABLE_STRICT_OBJC_MSGSEND = YES;
				GCC_C_LANGUAGE_STANDARD = gnu11;
				GCC_NO_COMMON_BLOCKS = YES;
				GCC_WARN_64_TO_32_BIT_CONVERSION = YES;
				GCC_WARN_ABOUT_RETURN_TYPE = YES_ERROR;
				GCC_WARN_UNDECLARED_SELECTOR = YES;
				GCC_WARN_UNINITIALIZED_AUTOS = YES_AGGRESSIVE;
				GCC_WARN_UNUSED_FUNCTION = YES;
				GCC_WARN_UNUSED_VARIABLE = YES;
				IPHONEOS_DEPLOYMENT_TARGET = 12.2;
				MTL_ENABLE_DEBUG_INFO = NO;
				MTL_FAST_MATH = YES;
				SDKROOT = iphoneos;
				VALIDATE_PRODUCT = YES;
			};
			name = Release;
		};
		0FD8122223CF19260087C8D5 /* Debug */ = {
			isa = XCBuildConfiguration;
			baseConfigurationReference = A6C52ADC0118B819AABFA46A /* Pods-iOSDemo.debug.xcconfig */;
			buildSettings = {
				ASSETCATALOG_COMPILER_APPICON_NAME = AppIcon;
				CODE_SIGN_STYLE = Automatic;
				INFOPLIST_FILE = iOSDemo/Info.plist;
				LD_RUNPATH_SEARCH_PATHS = (
					"$(inherited)",
					"@executable_path/Frameworks",
				);
				PRODUCT_BUNDLE_IDENTIFIER = com.zhongchebaolian.iOSDemo;
				PRODUCT_NAME = "$(TARGET_NAME)";
				TARGETED_DEVICE_FAMILY = "1,2";
			};
			name = Debug;
		};
		0FD8122323CF19260087C8D5 /* Release */ = {
			isa = XCBuildConfiguration;
			baseConfigurationReference = 3540C8BD71A718F6005372EC /* Pods-iOSDemo.release.xcconfig */;
			buildSettings = {
				ASSETCATALOG_COMPILER_APPICON_NAME = AppIcon;
				CODE_SIGN_STYLE = Automatic;
				INFOPLIST_FILE = iOSDemo/Info.plist;
				LD_RUNPATH_SEARCH_PATHS = (
					"$(inherited)",
					"@executable_path/Frameworks",
				);
				PRODUCT_BUNDLE_IDENTIFIER = com.zhongchebaolian.iOSDemo;
				PRODUCT_NAME = "$(TARGET_NAME)";
				TARGETED_DEVICE_FAMILY = "1,2";
			};
			name = Release;
		};
		0FD8122523CF19260087C8D5 /* Debug */ = {
			isa = XCBuildConfiguration;
			buildSettings = {
				BUNDLE_LOADER = "$(TEST_HOST)";
				CODE_SIGN_STYLE = Automatic;
				INFOPLIST_FILE = iOSDemoTests/Info.plist;
				LD_RUNPATH_SEARCH_PATHS = (
					"$(inherited)",
					"@executable_path/Frameworks",
					"@loader_path/Frameworks",
				);
				PRODUCT_BUNDLE_IDENTIFIER = com.zhongchebaolian.iOSDemoTests;
				PRODUCT_NAME = "$(TARGET_NAME)";
				TARGETED_DEVICE_FAMILY = "1,2";
				TEST_HOST = "$(BUILT_PRODUCTS_DIR)/iOSDemo.app/iOSDemo";
			};
			name = Debug;
		};
		0FD8122623CF19260087C8D5 /* Release */ = {
			isa = XCBuildConfiguration;
			buildSettings = {
				BUNDLE_LOADER = "$(TEST_HOST)";
				CODE_SIGN_STYLE = Automatic;
				INFOPLIST_FILE = iOSDemoTests/Info.plist;
				LD_RUNPATH_SEARCH_PATHS = (
					"$(inherited)",
					"@executable_path/Frameworks",
					"@loader_path/Frameworks",
				);
				PRODUCT_BUNDLE_IDENTIFIER = com.zhongchebaolian.iOSDemoTests;
				PRODUCT_NAME = "$(TARGET_NAME)";
				TARGETED_DEVICE_FAMILY = "1,2";
				TEST_HOST = "$(BUILT_PRODUCTS_DIR)/iOSDemo.app/iOSDemo";
			};
			name = Release;
		};
		0FD8122823CF19260087C8D5 /* Debug */ = {
			isa = XCBuildConfiguration;
			buildSettings = {
				CODE_SIGN_STYLE = Automatic;
				INFOPLIST_FILE = iOSDemoUITests/Info.plist;
				LD_RUNPATH_SEARCH_PATHS = (
					"$(inherited)",
					"@executable_path/Frameworks",
					"@loader_path/Frameworks",
				);
				PRODUCT_BUNDLE_IDENTIFIER = com.zhongchebaolian.iOSDemoUITests;
				PRODUCT_NAME = "$(TARGET_NAME)";
				TARGETED_DEVICE_FAMILY = "1,2";
				TEST_TARGET_NAME = iOSDemo;
			};
			name = Debug;
		};
		0FD8122923CF19260087C8D5 /* Release */ = {
			isa = XCBuildConfiguration;
			buildSettings = {
				CODE_SIGN_STYLE = Automatic;
				INFOPLIST_FILE = iOSDemoUITests/Info.plist;
				LD_RUNPATH_SEARCH_PATHS = (
					"$(inherited)",
					"@executable_path/Frameworks",
					"@loader_path/Frameworks",
				);
				PRODUCT_BUNDLE_IDENTIFIER = com.zhongchebaolian.iOSDemoUITests;
				PRODUCT_NAME = "$(TARGET_NAME)";
				TARGETED_DEVICE_FAMILY = "1,2";
				TEST_TARGET_NAME = iOSDemo;
			};
			name = Release;
		};
/* End XCBuildConfiguration section */

/* Begin XCConfigurationList section */
		0FD811F023CF19240087C8D5 /* Build configuration list for PBXProject "iOSDemo" */ = {
			isa = XCConfigurationList;
			buildConfigurations = (
				0FD8121F23CF19260087C8D5 /* Debug */,
				0FD8122023CF19260087C8D5 /* Release */,
			);
			defaultConfigurationIsVisible = 0;
			defaultConfigurationName = Release;
		};
		0FD8122123CF19260087C8D5 /* Build configuration list for PBXNativeTarget "iOSDemo" */ = {
			isa = XCConfigurationList;
			buildConfigurations = (
				0FD8122223CF19260087C8D5 /* Debug */,
				0FD8122323CF19260087C8D5 /* Release */,
			);
			defaultConfigurationIsVisible = 0;
			defaultConfigurationName = Release;
		};
		0FD8122423CF19260087C8D5 /* Build configuration list for PBXNativeTarget "iOSDemoTests" */ = {
			isa = XCConfigurationList;
			buildConfigurations = (
				0FD8122523CF19260087C8D5 /* Debug */,
				0FD8122623CF19260087C8D5 /* Release */,
			);
			defaultConfigurationIsVisible = 0;
			defaultConfigurationName = Release;
		};
		0FD8122723CF19260087C8D5 /* Build configuration list for PBXNativeTarget "iOSDemoUITests" */ = {
			isa = XCConfigurationList;
			buildConfigurations = (
				0FD8122823CF19260087C8D5 /* Debug */,
				0FD8122923CF19260087C8D5 /* Release */,
			);
			defaultConfigurationIsVisible = 0;
			defaultConfigurationName = Release;
		};
/* End XCConfigurationList section */
	};
	rootObject = 0FD811ED23CF19240087C8D5 /* Project object */;
}
